
Microsoft Visual Studio Solution File, Format Version 12.00
# Visual Studio Version 17
VisualStudioVersion = 17.14.37012.4 d17.14
MinimumVisualStudioVersion = 10.0.40219.1
Project("{FAE04EC0-301F-11D3-BF4B-00C04F79EFBC}") = "WebApi", "WebApi\WebApi.csproj", "{14B32851-18D9-4D2B-9BAE-EA52A780EAC6}"
EndProject
Global
	GlobalSection(SolutionConfigurationPlatforms) = preSolution
		Debug|Any CPU = Debug|Any CPU
		Release|Any CPU = Release|Any CPU
	EndGlobalSection
	GlobalSection(ProjectConfigurationPlatforms) = postSolution
		{14B32851-18D9-4D2B-9BAE-EA52A780EAC6}.Debug|Any CPU.ActiveCfg = Debug|Any CPU
		{14B32851-18D9-4D2B-9BAE-EA52A780EAC6}.Debug|Any CPU.Build.0 = Debug|Any CPU
		{14B32851-18D9-4D2B-9BAE-EA52A780EAC6}.Release|Any CPU.ActiveCfg = Release|Any CPU
		{14B32851-18D9-4D2B-9BAE-EA52A780EAC6}.Release|Any CPU.Build.0 = Release|Any CPU
	EndGlobalSection
	GlobalSection(SolutionProperties) = preSolution
		HideSolutionNode = FALSE
	EndGlobalSection
	GlobalSection(ExtensibilityGlobals) = postSolution
		SolutionGuid = {6C28F494-88EA-439B-B61B-BF454FE493B6}
	EndGlobalSection
EndGlobal
